NeoBundleLock AnsiEsc.vim d2bb7878622e4c16203acf1c92a0f4bc7ac58003
NeoBundleLock HybridText fd331094fa8f295c1ca4a90d644cbd39b3390905
NeoBundleLock Lucius 7ed02d3e4a8f2cfeda03ac67cf6879098cbc068a
NeoBundleLock YankRing.vim a884f3a161fa3cd8c996eb53a3d1c68631f60c21
NeoBundleLock Zenburn 33e67af2418e4775c2a7abc6e8fef401e697e1eb
NeoBundleLock ag.vim e70862d6436e8d7e9166208a703b5d60a5b384ab
NeoBundleLock codic-vim 8d722771e14f781907db0bd5ac20bf81af2fc32e
NeoBundleLock edark.vim 7e84bb13a29555f5e527712a739d093e35a45f7c
NeoBundleLock emmet-vim 610c2ea6730eab2f3a9bbbfc423ac4bdd6db2c96
NeoBundleLock gruvbox 289094bce953f98c5c871ff28492b0034ade55b5
NeoBundleLock gundo.vim 3975ac871565115e3769dc69c06bc88ddc1369af
NeoBundleLock html5.vim 40e924c9f333609e8c5b0bbf30775281e1cd9ccf
NeoBundleLock jellybeans.vim f931895c20681684278aef2ffd810730b9c36ec3
NeoBundleLock mayansmoke 168883af7aec05f139af251f47eadd5dfb802c9d
NeoBundleLock molokai db8ce13b3737d3ddea8368498183d7c204a762eb
NeoBundleLock mrkn256.vim 038b1839405a32e2547289e9d0cdc666d874a6fb
NeoBundleLock mustang-vim 6533d7d21bf27cae94d9c2caa575f627f003dfd5
NeoBundleLock neobundle.vim 92bfcb3c5ece7de46d728bcaf1ef0f3959a6bb58
NeoBundleLock neocomplcache 778181767467b8f8016828898779a646074d883a
NeoBundleLock neomru.vim b12f9a57ce83af86e585e1f23611f5a243d9fa60
NeoBundleLock neosnippet 3cfe8368cfccffdeab660ca1019696e0fd1aa944
NeoBundleLock neosnippet-snippets 522c38e28949ae53af8c96d7bcbda192b92e3656
NeoBundleLock nerdcommenter 6549cfde45339bd4f711504196ff3e8b766ef5e6
NeoBundleLock nerdtree 96c07746b46c12d0aca7a5276cc5bd0a260b82fe
NeoBundleLock open-browser.vim 7401abae649219708cc09a50e4f8967c5a11083c
NeoBundleLock previm d36c96ab555cde16f9386a4d9cb645b31d7658cc
NeoBundleLock scss-syntax.vim 35f47ff7473939fdfcf7ba9ce36f0d8fb4bd4142
NeoBundleLock syntastic 84b4da7cff9a49992c2df86ec893db9a7e794eff
NeoBundleLock tcomment_vim 986ead39a4ea97e25e5a010e64d26e85895fc4fe
NeoBundleLock tomorrow-theme 0e0d35ac303f99b8aa182091ebeaee81cf2183a0
NeoBundleLock unite-colorscheme 3aa33866a183f7659594a3f6b66b2334eaebc6a0
NeoBundleLock unite.vim 66196701d05e7b941607ca28b1dcc67ef7c5c133
NeoBundleLock vim-autoclose a9a3b7384657bc1f60a963fd6c08c63fc48d61c3
NeoBundleLock vim-coffee-script 32fe889b8cafd3a4921ef8e6485156453ff58c42
NeoBundleLock vim-colors-solarized 528a59f26d12278698bb946f8fb82a63711eec21
NeoBundleLock vim-colors-wombat fb44c8db8563946de191b1856e3cfffe0cdb622d
NeoBundleLock vim-easy-align c62d124be614de65922b15d468c4049d1eee9353
NeoBundleLock vim-endwise f06abe3d6eca6f6ebfc31ea3163a51575f450df6
NeoBundleLock vim-hybrid 7d530218dbcc5b5a9d473bcd2dbd2a85e7be99fd
NeoBundleLock vim-indent-guides 4895e860258cd24c975255ef459af4b956107557
NeoBundleLock vim-javascript 8a409f7fd89de746296a92218183dc69fb6e3d93
NeoBundleLock vim-markdown 81e1f07a8482b34ea8c59f6800e7e8dec7bf56b9
NeoBundleLock vim-palette 5523525b557b1d3f4e9d543844c7d045b7ae0487
NeoBundleLock vim-powerline 09c0cea859a2e0989eea740655b35976d951a84e
NeoBundleLock vim-pyte a1071f30656b26645b69f59e1e05257829a39620
NeoBundleLock vim-rails 50cd46321ffd07ef5a1eb29c5b9ce2ee7bfe2969
NeoBundleLock vim-railscasts-theme b09adffc4f23dab82e9005c6f12635210485da8a
NeoBundleLock vim-rubocop 1c57918086d22cc9db829125f6b78226feae86a3
NeoBundleLock vim-slim 0daaa8581f9a9968cebbc7d14ae9acf1625c0389
NeoBundleLock vim-slime 457ce9b366ceb1be1885e73e79ebbe8c1a2511ef
NeoBundleLock vim-surround 772ab9587b7d1e2c3bae75395c9123803059ba8a
NeoBundleLock vim-tomorrow-theme f45a2ca260d825b6aee72621f8f6158d815ac472
